
Microsoft Visual Studio Solution File, Format Version 12.00
# Visual Studio 2013
VisualStudioVersion = 12.0.31101.0
MinimumVisualStudioVersion = 10.0.40219.1
Project("{FAE04EC0-301F-11D3-BF4B-00C04F79EFBC}") = "FitAndHealthy", "FitAndHealthy\FitAndHealthy.csproj", "{122C9AE0-7A6B-4821-8012-E225B4452BC1}"
EndProject
Project("{FAE04EC0-301F-11D3-BF4B-00C04F79EFBC}") = "FandHSeed", "FandHSeed\FandHSeed.csproj", "{63B43D18-536B-444F-A8A6-42FC7C05E1B1}"
EndProject
Global
	GlobalSection(SolutionConfigurationPlatforms) = preSolution
		Debug|Any CPU = Debug|Any CPU
		Release|Any CPU = Release|Any CPU
	EndGlobalSection
	GlobalSection(ProjectConfigurationPlatforms) = postSolution
		{122C9AE0-7A6B-4821-8012-E225B4452BC1}.Debug|Any CPU.ActiveCfg = Debug|Any CPU
		{122C9AE0-7A6B-4821-8012-E225B4452BC1}.Debug|Any CPU.Build.0 = Debug|Any CPU
		{122C9AE0-7A6B-4821-8012-E225B4452BC1}.Release|Any CPU.ActiveCfg = Release|Any CPU
		{122C9AE0-7A6B-4821-8012-E225B4452BC1}.Release|Any CPU.Build.0 = Release|Any CPU
		{63B43D18-536B-444F-A8A6-42FC7C05E1B1}.Debug|Any CPU.ActiveCfg = Debug|Any CPU
		{63B43D18-536B-444F-A8A6-42FC7C05E1B1}.Debug|Any CPU.Build.0 = Debug|Any CPU
		{63B43D18-536B-444F-A8A6-42FC7C05E1B1}.Release|Any CPU.ActiveCfg = Release|Any CPU
		{63B43D18-536B-444F-A8A6-42FC7C05E1B1}.Release|Any CPU.Build.0 = Release|Any CPU
	EndGlobalSection
	GlobalSection(SolutionProperties) = preSolution
		HideSolutionNode = FALSE
	EndGlobalSection
EndGlobal
